
Microsoft Visual Studio Solution File, Format Version 12.00
# Visual Studio Version 17
VisualStudioVersion = 17.14.36414.22 d17.14
MinimumVisualStudioVersion = 10.0.40219.1
Project("{FAE04EC0-301F-11D3-BF4B-00C04F79EFBC}") = "CookieClicker", "CookieClicker\CookieClicker.csproj", "{76365F19-294A-40BE-BF9E-1F4A57C6F675}"
EndProject
Global
	GlobalSection(SolutionConfigurationPlatforms) = preSolution
		Debug|Any CPU = Debug|Any CPU
		Release|Any CPU = Release|Any CPU
	EndGlobalSection
	GlobalSection(ProjectConfigurationPlatforms) = postSolution
		{76365F19-294A-40BE-BF9E-1F4A57C6F675}.Debug|Any CPU.ActiveCfg = Debug|Any CPU
		{76365F19-294A-40BE-BF9E-1F4A57C6F675}.Debug|Any CPU.Build.0 = Debug|Any CPU
		{76365F19-294A-40BE-BF9E-1F4A57C6F675}.Release|Any CPU.ActiveCfg = Release|Any CPU
		{76365F19-294A-40BE-BF9E-1F4A57C6F675}.Release|Any CPU.Build.0 = Release|Any CPU
	EndGlobalSection
	GlobalSection(SolutionProperties) = preSolution
		HideSolutionNode = FALSE
	EndGlobalSection
	GlobalSection(ExtensibilityGlobals) = postSolution
		SolutionGuid = {E692E3FE-4F64-4318-AB62-DB26C4487B7F}
	EndGlobalSection
EndGlobal
